
Microsoft Visual Studio Solution File, Format Version 12.00
# Visual Studio Version 17
VisualStudioVersion = 17.14.36203.30 d17.14
MinimumVisualStudioVersion = 10.0.40219.1
Project("{FAE04EC0-301F-11D3-BF4B-00C04F79EFBC}") = "Eval1", "Eval1\Eval1.csproj", "{92855AF9-7050-472A-A05B-622B139FC6BC}"
EndProject
Global
	GlobalSection(SolutionConfigurationPlatforms) = preSolution
		Debug|Any CPU = Debug|Any CPU
		Release|Any CPU = Release|Any CPU
	EndGlobalSection
	GlobalSection(ProjectConfigurationPlatforms) = postSolution
		{92855AF9-7050-472A-A05B-622B139FC6BC}.Debug|Any CPU.ActiveCfg = Debug|Any CPU
		{92855AF9-7050-472A-A05B-622B139FC6BC}.Debug|Any CPU.Build.0 = Debug|Any CPU
		{92855AF9-7050-472A-A05B-622B139FC6BC}.Release|Any CPU.ActiveCfg = Release|Any CPU
		{92855AF9-7050-472A-A05B-622B139FC6BC}.Release|Any CPU.Build.0 = Release|Any CPU
	EndGlobalSection
	GlobalSection(SolutionProperties) = preSolution
		HideSolutionNode = FALSE
	EndGlobalSection
	GlobalSection(ExtensibilityGlobals) = postSolution
		SolutionGuid = {08273D20-0DC6-4719-939E-65C77236850F}
	EndGlobalSection
EndGlobal
